// !$*UTF8*$!
{
	archiveVersion = 1;
	classes = {
	};
	objectVersion = 46;
	objects = {

/* Begin PBXBuildFile section */
		200662C11F3B04E400C2551A /* AppDelegate.swift in Sources */ = {isa = PBXBuildFile; fileRef = 200662C01F3B04E400C2551A /* AppDelegate.swift */; };
		200662C31F3B04E400C2551A /* SignInVC.swift in Sources */ = {isa = PBXBuildFile; fileRef = 200662C21F3B04E400C2551A /* SignInVC.swift */; };
		200662C61F3B04E400C2551A /* Main.storyboard in Resources */ = {isa = PBXBuildFile; fileRef = 200662C41F3B04E400C2551A /* Main.storyboard */; };
		200662C81F3B04E400C2551A /* Assets.xcassets in Resources */ = {isa = PBXBuildFile; fileRef = 200662C71F3B04E400C2551A /* Assets.xcassets */; };
		200662CB1F3B04E400C2551A /* LaunchScreen.storyboard in Resources */ = {isa = PBXBuildFile; fileRef = 200662C91F3B04E400C2551A /* LaunchScreen.storyboard */; };
		200662D31F3B055300C2551A /* GoogleService-Info.plist in Resources */ = {isa = PBXBuildFile; fileRef = 200662D21F3B055300C2551A /* GoogleService-Info.plist */; };
		200662D81F3B433A00C2551A /* CustomView.swift in Sources */ = {isa = PBXBuildFile; fileRef = 200662D71F3B433A00C2551A /* CustomView.swift */; };
		200662DB1F3B436100C2551A /* Constants.swift in Sources */ = {isa = PBXBuildFile; fileRef = 200662DA1F3B436100C2551A /* Constants.swift */; };
		200662DD1F3B468C00C2551A /* Protocols.swift in Sources */ = {isa = PBXBuildFile; fileRef = 200662DC1F3B468C00C2551A /* Protocols.swift */; };
		200662DF1F3B483800C2551A /* CustomButton.swift in Sources */ = {isa = PBXBuildFile; fileRef = 200662DE1F3B483800C2551A /* CustomButton.swift */; };
		201E14A81F3C622600AF912D /* FeedVC.swift in Sources */ = {isa = PBXBuildFile; fileRef = 201E14A71F3C622600AF912D /* FeedVC.swift */; };
		201E14AA1F3C78D500AF912D /* CustomImmageView.swift in Sources */ = {isa = PBXBuildFile; fileRef = 201E14A91F3C78D500AF912D /* CustomImmageView.swift */; };
		209A004A1F3B7BE000C6B7C8 /* CustomTextField.swift in Sources */ = {isa = PBXBuildFile; fileRef = 209A00491F3B7BE000C6B7C8 /* CustomTextField.swift */; };
		CE2DC54EE567F659F5219A55 /* Pods_Social_App.framework in Frameworks */ = {isa = PBXBuildFile; fileRef = 4CAA8487A19AC3D4A426E758 /* Pods_Social_App.framework */; };
/* End PBXBuildFile section */

/* Begin PBXFileReference section */
		109D41193917ADDABA08DF80 /* Pods-Social App.release.xcconfig */ = {isa = PBXFileReference; includeInIndex = 1; lastKnownFileType = text.xcconfig; name = "Pods-Social App.release.xcconfig"; path = "Pods/Target Support Files/Pods-Social App/Pods-Social App.release.xcconfig"; sourceTree = "<group>"; };
		200662BD1F3B04E400C2551A /* Social App.app */ = {isa = PBXFileReference; explicitFileType = wrapper.application; includeInIndex = 0; path = "Social App.app"; sourceTree = BUILT_PRODUCTS_DIR; };
		200662C01F3B04E400C2551A /* AppDelegate.swift */ = {isa = PBXFileReference; lastKnownFileType = sourcecode.swift; path = AppDelegate.swift; sourceTree = "<group>"; };
		200662C21F3B04E400C2551A /* SignInVC.swift */ = {isa = PBXFileReference; lastKnownFileType = sourcecode.swift; path = SignInVC.swift; sourceTree = "<group>"; };
		200662C51F3B04E400C2551A /* Base */ = {isa = PBXFileReference; lastKnownFileType = file.storyboard; name = Base; path = Base.lproj/Main.storyboard; sourceTree = "<group>"; };
		200662C71F3B04E400C2551A /* Assets.xcassets */ = {isa = PBXFileReference; lastKnownFileType = folder.assetcatalog; path = Assets.xcassets; sourceTree = "<group>"; };
		200662CA1F3B04E400C2551A /* Base */ = {isa = PBXFileReference; lastKnownFileType = file.storyboard; name = Base; path = Base.lproj/LaunchScreen.storyboard; sourceTree = "<group>"; };
		200662CC1F3B04E400C2551A /* Info.plist */ = {isa = PBXFileReference; lastKnownFileType = text.plist.xml; path = Info.plist; sourceTree = "<group>"; };
		200662D21F3B055300C2551A /* GoogleService-Info.plist */ = {isa = PBXFileReference; fileEncoding = 4; lastKnownFileType = text.plist.xml; path = "GoogleService-Info.plist"; sourceTree = "<group>"; };
		200662D71F3B433A00C2551A /* CustomView.swift */ = {isa = PBXFileReference; fileEncoding = 4; lastKnownFileType = sourcecode.swift; path = CustomView.swift; sourceTree = "<group>"; };
		200662DA1F3B436100C2551A /* Constants.swift */ = {isa = PBXFileReference; fileEncoding = 4; lastKnownFileType = sourcecode.swift; path = Constants.swift; sourceTree = "<group>"; };
		200662DC1F3B468C00C2551A /* Protocols.swift */ = {isa = PBXFileReference; fileEncoding = 4; lastKnownFileType = sourcecode.swift; path = Protocols.swift; sourceTree = "<group>"; };
		200662DE1F3B483800C2551A /* CustomButton.swift */ = {isa = PBXFileReference; fileEncoding = 4; lastKnownFileType = sourcecode.swift; path = CustomButton.swift; sourceTree = "<group>"; };
		201E14A71F3C622600AF912D /* FeedVC.swift */ = {isa = PBXFileReference; fileEncoding = 4; lastKnownFileType = sourcecode.swift; path = FeedVC.swift; sourceTree = "<group>"; };
		201E14A91F3C78D500AF912D /* CustomImmageView.swift */ = {isa = PBXFileReference; fileEncoding = 4; lastKnownFileType = sourcecode.swift; path = CustomImmageView.swift; sourceTree = "<group>"; };
		209A00491F3B7BE000C6B7C8 /* CustomTextField.swift */ = {isa = PBXFileReference; fileEncoding = 4; lastKnownFileType = sourcecode.swift; path = CustomTextField.swift; sourceTree = "<group>"; };
		209A004B1F3BA1FB00C6B7C8 /* Social App.entitlements */ = {isa = PBXFileReference; lastKnownFileType = text.plist.entitlements; path = "Social App.entitlements"; sourceTree = "<group>"; };
		4CAA8487A19AC3D4A426E758 /* Pods_Social_App.framework */ = {isa = PBXFileReference; explicitFileType = wrapper.framework; includeInIndex = 0; path = Pods_Social_App.framework; sourceTree = BUILT_PRODUCTS_DIR; };
		7B38C546925D224D4138A847 /* Pods-Social App.debug.xcconfig */ = {isa = PBXFileReference; includeInIndex = 1; lastKnownFileType = text.xcconfig; name = "Pods-Social App.debug.xcconfig"; path = "Pods/Target Support Files/Pods-Social App/Pods-Social App.debug.xcconfig"; sourceTree = "<group>"; };
/* End PBXFileReference section */

/* Begin PBXFrameworksBuildPhase section */
		200662BA1F3B04E400C2551A /* Frameworks */ = {
			isa = PBXFrameworksBuildPhase;
			buildActionMask = 2147483647;
			files = (
				CE2DC54EE567F659F5219A55 /* Pods_Social_App.framework in Frameworks */,
			);
			runOnlyForDeploymentPostprocessing = 0;
		};
/* End PBXFrameworksBuildPhase section */

/* Begin PBXGroup section */
		1AB552ABD1C1D9EAA88360CF /* Pods */ = {
			isa = PBXGroup;
			children = (
				7B38C546925D224D4138A847 /* Pods-Social App.debug.xcconfig */,
				109D41193917ADDABA08DF80 /* Pods-Social App.release.xcconfig */,
			);
			name = Pods;
			sourceTree = "<group>";
		};
		1F8F07091FA29CE463DBC21C /* Frameworks */ = {
			isa = PBXGroup;
			children = (
				4CAA8487A19AC3D4A426E758 /* Pods_Social_App.framework */,
			);
			name = Frameworks;
			sourceTree = "<group>";
		};
		200662B41F3B04E400C2551A = {
			isa = PBXGroup;
			children = (
				200662BF1F3B04E400C2551A /* Social App */,
				200662BE1F3B04E400C2551A /* Products */,
				1AB552ABD1C1D9EAA88360CF /* Pods */,
				1F8F07091FA29CE463DBC21C /* Frameworks */,
			);
			sourceTree = "<group>";
		};
		200662BE1F3B04E400C2551A /* Products */ = {
			isa = PBXGroup;
			children = (
				200662BD1F3B04E400C2551A /* Social App.app */,
			);
			name = Products;
			sourceTree = "<group>";
		};
		200662BF1F3B04E400C2551A /* Social App */ = {
			isa = PBXGroup;
			children = (
				209A004B1F3BA1FB00C6B7C8 /* Social App.entitlements */,
				200662D91F3B434E00C2551A /* Util */,
				200662D41F3B223F00C2551A /* Model */,
				200662D51F3B224B00C2551A /* View */,
				200662D61F3B225400C2551A /* Controller */,
				200662C01F3B04E400C2551A /* AppDelegate.swift */,
				200662C41F3B04E400C2551A /* Main.storyboard */,
				200662C71F3B04E400C2551A /* Assets.xcassets */,
				200662C91F3B04E400C2551A /* LaunchScreen.storyboard */,
				200662CC1F3B04E400C2551A /* Info.plist */,
				200662D21F3B055300C2551A /* GoogleService-Info.plist */,
			);
			path = "Social App";
			sourceTree = "<group>";
		};
		200662D41F3B223F00C2551A /* Model */ = {
			isa = PBXGroup;
			children = (
			);
			name = Model;
			sourceTree = "<group>";
		};
		200662D51F3B224B00C2551A /* View */ = {
			isa = PBXGroup;
			children = (
				200662D71F3B433A00C2551A /* CustomView.swift */,
				200662DE1F3B483800C2551A /* CustomButton.swift */,
				209A00491F3B7BE000C6B7C8 /* CustomTextField.swift */,
				201E14A91F3C78D500AF912D /* CustomImmageView.swift */,
			);
			name = View;
			sourceTree = "<group>";
		};
		200662D61F3B225400C2551A /* Controller */ = {
			isa = PBXGroup;
			children = (
				200662C21F3B04E400C2551A /* SignInVC.swift */,
				201E14A71F3C622600AF912D /* FeedVC.swift */,
			);
			name = Controller;
			sourceTree = "<group>";
		};
		200662D91F3B434E00C2551A /* Util */ = {
			isa = PBXGroup;
			children = (
				200662DA1F3B436100C2551A /* Constants.swift */,
				200662DC1F3B468C00C2551A /* Protocols.swift */,
			);
			name = Util;
			sourceTree = "<group>";
		};
/* End PBXGroup section */

/* Begin PBXNativeTarget section */
		200662BC1F3B04E400C2551A /* Social App */ = {
			isa = PBXNativeTarget;
			buildConfigurationList = 200662CF1F3B04E400C2551A /* Build configuration list for PBXNativeTarget "Social App" */;
			buildPhases = (
				2AF67F2F6056205D5E7D9B48 /* [CP] Check Pods Manifest.lock */,
				200662B91F3B04E400C2551A /* Sources */,
				200662BA1F3B04E400C2551A /* Frameworks */,
				200662BB1F3B04E400C2551A /* Resources */,
				026DC32353549026DBA44C0D /* [CP] Embed Pods Frameworks */,
				066E735F0B883AB7FDF969FE /* [CP] Copy Pods Resources */,
			);
			buildRules = (
			);
			dependencies = (
			);
			name = "Social App";
			productName = "Social App";
			productReference = 200662BD1F3B04E400C2551A /* Social App.app */;
			productType = "com.apple.product-type.application";
		};
/* End PBXNativeTarget section */

/* Begin PBXProject section */
		200662B51F3B04E400C2551A /* Project object */ = {
			isa = PBXProject;
			attributes = {
				LastSwiftUpdateCheck = 0830;
				LastUpgradeCheck = 0830;
				ORGANIZATIONNAME = healthAndFitnes;
				TargetAttributes = {
					200662BC1F3B04E400C2551A = {
						CreatedOnToolsVersion = 8.3.2;
						DevelopmentTeam = D9V922QB92;
						ProvisioningStyle = Automatic;
						SystemCapabilities = {
							com.apple.Keychain = {
								enabled = 1;
							};
						};
					};
				};
			};
			buildConfigurationList = 200662B81F3B04E400C2551A /* Build configuration list for PBXProject "Social App" */;
			compatibilityVersion = "Xcode 3.2";
			developmentRegion = English;
			hasScannedForEncodings = 0;
			knownRegions = (
				en,
				Base,
			);
			mainGroup = 200662B41F3B04E400C2551A;
			productRefGroup = 200662BE1F3B04E400C2551A /* Products */;
			projectDirPath = "";
			projectRoot = "";
			targets = (
				200662BC1F3B04E400C2551A /* Social App */,
			);
		};
/* End PBXProject section */

/* Begin PBXResourcesBuildPhase section */
		200662BB1F3B04E400C2551A /* Resources */ = {
			isa = PBXResourcesBuildPhase;
			buildActionMask = 2147483647;
			files = (
				200662CB1F3B04E400C2551A /* LaunchScreen.storyboard in Resources */,
				200662D31F3B055300C2551A /* GoogleService-Info.plist in Resources */,
				200662C81F3B04E400C2551A /* Assets.xcassets in Resources */,
				200662C61F3B04E400C2551A /* Main.storyboard in Resources */,
			);
			runOnlyForDeploymentPostprocessing = 0;
		};
/* End PBXResourcesBuildPhase section */

/* Begin PBXShellScriptBuildPhase section */
		026DC32353549026DBA44C0D /* [CP] Embed Pods Frameworks */ = {
			isa = PBXShellScriptBuildPhase;
			buildActionMask = 2147483647;
			files = (
			);
			inputPaths = (
			);
			name = "[CP] Embed Pods Frameworks";
			outputPaths = (
			);
			runOnlyForDeploymentPostprocessing = 0;
			shellPath = /bin/sh;
			shellScript = "\"${SRCROOT}/Pods/Target Support Files/Pods-Social App/Pods-Social App-frameworks.sh\"\n";
			showEnvVarsInLog = 0;
		};
		066E735F0B883AB7FDF969FE /* [CP] Copy Pods Resources */ = {
			isa = PBXShellScriptBuildPhase;
			buildActionMask = 2147483647;
			files = (
			);
			inputPaths = (
			);
			name = "[CP] Copy Pods Resources";
			outputPaths = (
			);
			runOnlyForDeploymentPostprocessing = 0;
			shellPath = /bin/sh;
			shellScript = "\"${SRCROOT}/Pods/Target Support Files/Pods-Social App/Pods-Social App-resources.sh\"\n";
			showEnvVarsInLog = 0;
		};
		2AF67F2F6056205D5E7D9B48 /* [CP] Check Pods Manifest.lock */ = {
			isa = PBXShellScriptBuildPhase;
			buildActionMask = 2147483647;
			files = (
			);
			inputPaths = (
			);
			name = "[CP] Check Pods Manifest.lock";
			outputPaths = (
			);
			runOnlyForDeploymentPostprocessing = 0;
			shellPath = /bin/sh;
			shellScript = "diff \"${PODS_PODFILE_DIR_PATH}/Podfile.lock\" \"${PODS_ROOT}/Manifest.lock\" > /dev/null\nif [ $? != 0 ] ; then\n    # print error to STDERR\n    echo \"error: The sandbox is not in sync with the Podfile.lock. Run 'pod install' or update your CocoaPods installation.\" >&2\n    exit 1\nfi\n";
			showEnvVarsInLog = 0;
		};
/* End PBXShellScriptBuildPhase section */

/* Begin PBXSourcesBuildPhase section */
		200662B91F3B04E400C2551A /* Sources */ = {
			isa = PBXSourcesBuildPhase;
			buildActionMask = 2147483647;
			files = (
				209A004A1F3B7BE000C6B7C8 /* CustomTextField.swift in Sources */,
				200662D81F3B433A00C2551A /* CustomView.swift in Sources */,
				201E14AA1F3C78D500AF912D /* CustomImmageView.swift in Sources */,
				200662DD1F3B468C00C2551A /* Protocols.swift in Sources */,
				200662DF1F3B483800C2551A /* CustomButton.swift in Sources */,
				201E14A81F3C622600AF912D /* FeedVC.swift in Sources */,
				200662C31F3B04E400C2551A /* SignInVC.swift in Sources */,
				200662C11F3B04E400C2551A /* AppDelegate.swift in Sources */,
				200662DB1F3B436100C2551A /* Constants.swift in Sources */,
			);
			runOnlyForDeploymentPostprocessing = 0;
		};
/* End PBXSourcesBuildPhase section */

/* Begin PBXVariantGroup section */
		200662C41F3B04E400C2551A /* Main.storyboard */ = {
			isa = PBXVariantGroup;
			children = (
				200662C51F3B04E400C2551A /* Base */,
			);
			name = Main.storyboard;
			sourceTree = "<group>";
		};
		200662C91F3B04E400C2551A /* LaunchScreen.storyboard */ = {
			isa = PBXVariantGroup;
			children = (
				200662CA1F3B04E400C2551A /* Base */,
			);
			name = LaunchScreen.storyboard;
			sourceTree = "<group>";
		};
/* End PBXVariantGroup section */

/* Begin XCBuildConfiguration section */
		200662CD1F3B04E400C2551A /* Debug */ = {
			isa = XCBuildConfiguration;
			buildSettings = {
				ALWAYS_SEARCH_USER_PATHS = NO;
				CLANG_ANALYZER_NONNULL = YES;
				CLANG_ANALYZER_NUMBER_OBJECT_CONVERSION = YES_AGGRESSIVE;
				CLANG_CXX_LANGUAGE_STANDARD = "gnu++0x";
				CLANG_CXX_LIBRARY = "libc++";
				CLANG_ENABLE_MODULES = YES;
				CLANG_ENABLE_OBJC_ARC = YES;
				CLANG_WARN_BOOL_CONVERSION = YES;
				CLANG_WARN_CONSTANT_CONVERSION = YES;
				CLANG_WARN_DIRECT_OBJC_ISA_USAGE = YES_ERROR;
				CLANG_WARN_DOCUMENTATION_COMMENTS = YES;
				CLANG_WARN_EMPTY_BODY = YES;
				CLANG_WARN_ENUM_CONVERSION = YES;
				CLANG_WARN_INFINITE_RECURSION = YES;
				CLANG_WARN_INT_CONVERSION = YES;
				CLANG_WARN_OBJC_ROOT_CLASS = YES_ERROR;
				CLANG_WARN_SUSPICIOUS_MOVE = YES;
				CLANG_WARN_UNREACHABLE_CODE = YES;
				CLANG_WARN__DUPLICATE_METHOD_MATCH = YES;
				"CODE_SIGN_IDENTITY[sdk=iphoneos*]" = "iPhone Developer";
				COPY_PHASE_STRIP = NO;
				DEBUG_INFORMATION_FORMAT = dwarf;
				ENABLE_STRICT_OBJC_MSGSEND = YES;
				ENABLE_TESTABILITY = YES;
				GCC_C_LANGUAGE_STANDARD = gnu99;
				GCC_DYNAMIC_NO_PIC = NO;
				GCC_NO_COMMON_BLOCKS = YES;
				GCC_OPTIMIZATION_LEVEL = 0;
				GCC_PREPROCESSOR_DEFINITIONS = (
					"DEBUG=1",
					"$(inherited)",
				);
				GCC_WARN_64_TO_32_BIT_CONVERSION = YES;
				GCC_WARN_ABOUT_RETURN_TYPE = YES_ERROR;
				GCC_WARN_UNDECLARED_SELECTOR = YES;
				GCC_WARN_UNINITIALIZED_AUTOS = YES_AGGRESSIVE;
				GCC_WARN_UNUSED_FUNCTION = YES;
				GCC_WARN_UNUSED_VARIABLE = YES;
				IPHONEOS_DEPLOYMENT_TARGET = 10.3;
				MTL_ENABLE_DEBUG_INFO = YES;
				ONLY_ACTIVE_ARCH = YES;
				SDKROOT = iphoneos;
				SWIFT_ACTIVE_COMPILATION_CONDITIONS = DEBUG;
				SWIFT_OPTIMIZATION_LEVEL = "-Onone";
			};
			name = Debug;
		};
		200662CE1F3B04E400C2551A /* Release */ = {
			isa = XCBuildConfiguration;
			buildSettings = {
				ALWAYS_SEARCH_USER_PATHS = NO;
				CLANG_ANALYZER_NONNULL = YES;
				CLANG_ANALYZER_NUMBER_OBJECT_CONVERSION = YES_AGGRESSIVE;
				CLANG_CXX_LANGUAGE_STANDARD = "gnu++0x";
				CLANG_CXX_LIBRARY = "libc++";
				CLANG_ENABLE_MODULES = YES;
				CLANG_ENABLE_OBJC_ARC = YES;
				CLANG_WARN_BOOL_CONVERSION = YES;
				CLANG_WARN_CONSTANT_CONVERSION = YES;
				CLANG_WARN_DIRECT_OBJC_ISA_USAGE = YES_ERROR;
				CLANG_WARN_DOCUMENTATION_COMMENTS = YES;
				CLANG_WARN_EMPTY_BODY = YES;
				CLANG_WARN_ENUM_CONVERSION = YES;
				CLANG_WARN_INFINITE_RECURSION = YES;
				CLANG_WARN_INT_CONVERSION = YES;
				CLANG_WARN_OBJC_ROOT_CLASS = YES_ERROR;
				CLANG_WARN_SUSPICIOUS_MOVE = YES;
				CLANG_WARN_UNREACHABLE_CODE = YES;
				CLANG_WARN__DUPLICATE_METHOD_MATCH = YES;
				"CODE_SIGN_IDENTITY[sdk=iphoneos*]" = "iPhone Developer";
				COPY_PHASE_STRIP = NO;
				DEBUG_INFORMATION_FORMAT = "dwarf-with-dsym";
				ENABLE_NS_ASSERTIONS = NO;
				ENABLE_STRICT_OBJC_MSGSEND = YES;
				GCC_C_LANGUAGE_STANDARD = gnu99;
				GCC_NO_COMMON_BLOCKS = YES;
				GCC_WARN_64_TO_32_BIT_CONVERSION = YES;
				GCC_WARN_ABOUT_RETURN_TYPE = YES_ERROR;
				GCC_WARN_UNDECLARED_SELECTOR = YES;
				GCC_WARN_UNINITIALIZED_AUTOS = YES_AGGRESSIVE;
				GCC_WARN_UNUSED_FUNCTION = YES;
				GCC_WARN_UNUSED_VARIABLE = YES;
				IPHONEOS_DEPLOYMENT_TARGET = 10.3;
				MTL_ENABLE_DEBUG_INFO = NO;
				SDKROOT = iphoneos;
				SWIFT_OPTIMIZATION_LEVEL = "-Owholemodule";
				VALIDATE_PRODUCT = YES;
			};
			name = Release;
		};
		200662D01F3B04E400C2551A /* Debug */ = {
			isa = XCBuildConfiguration;
			baseConfigurationReference = 7B38C546925D224D4138A847 /* Pods-Social App.debug.xcconfig */;
			buildSettings = {
				ASSETCATALOG_COMPILER_APPICON_NAME = AppIcon;
				CODE_SIGN_ENTITLEMENTS = "Social App/Social App.entitlements";
				DEVELOPMENT_TEAM = D9V922QB92;
				INFOPLIST_FILE = "Social App/Info.plist";
				LD_RUNPATH_SEARCH_PATHS = "$(inherited) @executable_path/Frameworks";
				PRODUCT_BUNDLE_IDENTIFIER = "com.KotApps.Social-App";
				PRODUCT_NAME = "$(TARGET_NAME)";
				SWIFT_VERSION = 3.0;
			};
			name = Debug;
		};
		200662D11F3B04E400C2551A /* Release */ = {
			isa = XCBuildConfiguration;
			baseConfigurationReference = 109D41193917ADDABA08DF80 /* Pods-Social App.release.xcconfig */;
			buildSettings = {
				ASSETCATALOG_COMPILER_APPICON_NAME = AppIcon;
				CODE_SIGN_ENTITLEMENTS = "Social App/Social App.entitlements";
				DEVELOPMENT_TEAM = D9V922QB92;
				INFOPLIST_FILE = "Social App/Info.plist";
				LD_RUNPATH_SEARCH_PATHS = "$(inherited) @executable_path/Frameworks";
				PRODUCT_BUNDLE_IDENTIFIER = "com.KotApps.Social-App";
				PRODUCT_NAME = "$(TARGET_NAME)";
				SWIFT_VERSION = 3.0;
			};
			name = Release;
		};
/* End XCBuildConfiguration section */

/* Begin XCConfigurationList section */
		200662B81F3B04E400C2551A /* Build configuration list for PBXProject "Social App" */ = {
			isa = XCConfigurationList;
			buildConfigurations = (
				200662CD1F3B04E400C2551A /* Debug */,
				200662CE1F3B04E400C2551A /* Release */,
			);
			defaultConfigurationIsVisible = 0;
			defaultConfigurationName = Release;
		};
		200662CF1F3B04E400C2551A /* Build configuration list for PBXNativeTarget "Social App" */ = {
			isa = XCConfigurationList;
			buildConfigurations = (
				200662D01F3B04E400C2551A /* Debug */,
				200662D11F3B04E400C2551A /* Release */,
			);
			defaultConfigurationIsVisible = 0;
			defaultConfigurationName = Release;
		};
/* End XCConfigurationList section */
	};
	rootObject = 200662B51F3B04E400C2551A /* Project object */;
}
